// !$*UTF8*$!
{
	archiveVersion = 1;
	classes = {
	};
	objectVersion = 54;
	objects = {

/* Begin PBXBuildFile section */
		0C80B921A6F3F58F76C31292 /* libPods-LoveTracker.a in Frameworks */ = {isa = PBXBuildFile; fileRef = 5DCACB8F33CDC322A6C60F78 /* libPods-LoveTracker.a */; };
		13B07FBF1A68108700A75B9A /* Images.xcassets in Resources */ = {isa = PBXBuildFile; fileRef = 13B07FB51A68108700A75B9A /* Images.xcassets */; };
		761780ED2CA45674006654EE /* AppDelegate.swift in Sources */ = {isa = PBXBuildFile; fileRef = 761780EC2CA45674006654EE /* AppDelegate.swift */; };
		81AB9BB82411601600AC10FF /* LaunchScreen.storyboard in Resources */ = {isa = PBXBuildFile; fileRef = 81AB9BB72411601600AC10FF /* LaunchScreen.storyboard */; };
		C62FF6369E2C453B9B2476EB /* InstrumentSans-Bold.ttf in Resources */ = {isa = PBXBuildFile; fileRef = 51A69FCCEA204246AAEE4223 /* InstrumentSans-Bold.ttf */; };
		7E490DC7BC1142539DD76D00 /* InstrumentSans-BoldItalic.ttf in Resources */ = {isa = PBXBuildFile; fileRef = 65DD932885CB4D6788D2D3D8 /* InstrumentSans-BoldItalic.ttf */; };
		74A3D32E12B84A87A70425C9 /* InstrumentSans_Condensed-Bold.ttf in Resources */ = {isa = PBXBuildFile; fileRef = 07BE6CBC32BF485B8E9DB3D3 /* InstrumentSans_Condensed-Bold.ttf */; };
		9E2CDADF13CC4DEC8ACFEC0A /* InstrumentSans_Condensed-BoldItalic.ttf in Resources */ = {isa = PBXBuildFile; fileRef = 5DF7DC36C5A644E48CC89706 /* InstrumentSans_Condensed-BoldItalic.ttf */; };
		275CE8B0C6654A479AA88BCB /* InstrumentSans_Condensed-Italic.ttf in Resources */ = {isa = PBXBuildFile; fileRef = 87CF4BCFAD8F4BADAF9389CC /* InstrumentSans_Condensed-Italic.ttf */; };
		3C1C4FBC73114555B4C546B2 /* InstrumentSans_Condensed-Medium.ttf in Resources */ = {isa = PBXBuildFile; fileRef = 295B112C61E049598B86E456 /* InstrumentSans_Condensed-Medium.ttf */; };
		BB4826CE94CA4ECCBC5266D0 /* InstrumentSans_Condensed-MediumItalic.ttf in Resources */ = {isa = PBXBuildFile; fileRef = BC9F1AA5B53B4EDEBBE86945 /* InstrumentSans_Condensed-MediumItalic.ttf */; };
		1A72082CD55741DC98279528 /* InstrumentSans_Condensed-Regular.ttf in Resources */ = {isa = PBXBuildFile; fileRef = 64B16F5B73434C9197C4A4CF /* InstrumentSans_Condensed-Regular.ttf */; };
		5CDA27FB66E94F63A8B56707 /* InstrumentSans_Condensed-SemiBold.ttf in Resources */ = {isa = PBXBuildFile; fileRef = F774C1D69F914C39AC56F75C /* InstrumentSans_Condensed-SemiBold.ttf */; };
		3380965E3D914CA490B9750F /* InstrumentSans_Condensed-SemiBoldItalic.ttf in Resources */ = {isa = PBXBuildFile; fileRef = 4C98D8EDFCFC4C22B0B00EB2 /* InstrumentSans_Condensed-SemiBoldItalic.ttf */; };
		1C7CB10BFC27474184FC2A64 /* InstrumentSans-Italic.ttf in Resources */ = {isa = PBXBuildFile; fileRef = 89A55F6EA04449959D54A23A /* InstrumentSans-Italic.ttf */; };
		5BE94EB970BA46B6847E9834 /* InstrumentSans-Medium.ttf in Resources */ = {isa = PBXBuildFile; fileRef = 5A44CC5DDD25479A9F29B3E6 /* InstrumentSans-Medium.ttf */; };
		C06AB718D85A4B0E9451446F /* InstrumentSans-MediumItalic.ttf in Resources */ = {isa = PBXBuildFile; fileRef = 9AB007C5FCB84BBBAE893BBA /* InstrumentSans-MediumItalic.ttf */; };
		CEF3FAAA7F7D4FB7984E25FE /* InstrumentSans-Regular.ttf in Resources */ = {isa = PBXBuildFile; fileRef = F7E6BED8AF744B3EA46E8F18 /* InstrumentSans-Regular.ttf */; };
		1C039023D8F749E49BA4DF8A /* InstrumentSans-SemiBold.ttf in Resources */ = {isa = PBXBuildFile; fileRef = 7EA87283831746F9BA2909B6 /* InstrumentSans-SemiBold.ttf */; };
		B3FBD9EEDF274036BC38017C /* InstrumentSans-SemiBoldItalic.ttf in Resources */ = {isa = PBXBuildFile; fileRef = A38B09396C6F4050BFB306C7 /* InstrumentSans-SemiBoldItalic.ttf */; };
		51EEBD0AE8E04BE183BC9B70 /* InstrumentSans_SemiCondensed-Bold.ttf in Resources */ = {isa = PBXBuildFile; fileRef = 2403110B2A844C99BCE5D865 /* InstrumentSans_SemiCondensed-Bold.ttf */; };
		0CF7B31A3707401EB4348934 /* InstrumentSans_SemiCondensed-BoldItalic.ttf in Resources */ = {isa = PBXBuildFile; fileRef = 7B158E479A2B4667A24D533D /* InstrumentSans_SemiCondensed-BoldItalic.ttf */; };
		F3FD59C7E6014C0F885F8C92 /* InstrumentSans_SemiCondensed-Italic.ttf in Resources */ = {isa = PBXBuildFile; fileRef = CD719B8F5C8A478B8C756E03 /* InstrumentSans_SemiCondensed-Italic.ttf */; };
		E28CC72B53FE48D590B4EAF1 /* InstrumentSans_SemiCondensed-Medium.ttf in Resources */ = {isa = PBXBuildFile; fileRef = E47B9AA37D7E4BA9BA50E95E /* InstrumentSans_SemiCondensed-Medium.ttf */; };
		9E6363F36E2D42F2A5C076F6 /* InstrumentSans_SemiCondensed-MediumItalic.ttf in Resources */ = {isa = PBXBuildFile; fileRef = 5F3EB246EB1346E68E6B4FED /* InstrumentSans_SemiCondensed-MediumItalic.ttf */; };
		4BC7D47187474E16A00755C1 /* InstrumentSans_SemiCondensed-Regular.ttf in Resources */ = {isa = PBXBuildFile; fileRef = D5CDFBE157DB40EAAAB2ECE3 /* InstrumentSans_SemiCondensed-Regular.ttf */; };
		484A1110E6C84DE88644549A /* InstrumentSans_SemiCondensed-SemiBold.ttf in Resources */ = {isa = PBXBuildFile; fileRef = 590E0CD7F60646ECBC8C1686 /* InstrumentSans_SemiCondensed-SemiBold.ttf */; };
		B1634913DE3E4FAA8282C8B2 /* InstrumentSans_SemiCondensed-SemiBoldItalic.ttf in Resources */ = {isa = PBXBuildFile; fileRef = 8C6770F9F11D4BA79D9A8A56 /* InstrumentSans_SemiCondensed-SemiBoldItalic.ttf */; };
/* End PBXBuildFile section */

/* Begin PBXFileReference section */
		13B07F961A680F5B00A75B9A /* LoveTracker.app */ = {isa = PBXFileReference; explicitFileType = wrapper.application; includeInIndex = 0; path = LoveTracker.app; sourceTree = BUILT_PRODUCTS_DIR; };
		13B07FB51A68108700A75B9A /* Images.xcassets */ = {isa = PBXFileReference; lastKnownFileType = folder.assetcatalog; name = Images.xcassets; path = LoveTracker/Images.xcassets; sourceTree = "<group>"; };
		13B07FB61A68108700A75B9A /* Info.plist */ = {isa = PBXFileReference; fileEncoding = 4; lastKnownFileType = text.plist.xml; name = Info.plist; path = LoveTracker/Info.plist; sourceTree = "<group>"; };
		13B07FB81A68108700A75B9A /* PrivacyInfo.xcprivacy */ = {isa = PBXFileReference; fileEncoding = 4; lastKnownFileType = text.plist.xml; name = PrivacyInfo.xcprivacy; path = LoveTracker/PrivacyInfo.xcprivacy; sourceTree = "<group>"; };
		3B4392A12AC88292D35C810B /* Pods-LoveTracker.debug.xcconfig */ = {isa = PBXFileReference; includeInIndex = 1; lastKnownFileType = text.xcconfig; name = "Pods-LoveTracker.debug.xcconfig"; path = "Target Support Files/Pods-LoveTracker/Pods-LoveTracker.debug.xcconfig"; sourceTree = "<group>"; };
		5709B34CF0A7D63546082F79 /* Pods-LoveTracker.release.xcconfig */ = {isa = PBXFileReference; includeInIndex = 1; lastKnownFileType = text.xcconfig; name = "Pods-LoveTracker.release.xcconfig"; path = "Target Support Files/Pods-LoveTracker/Pods-LoveTracker.release.xcconfig"; sourceTree = "<group>"; };
		5DCACB8F33CDC322A6C60F78 /* libPods-LoveTracker.a */ = {isa = PBXFileReference; explicitFileType = archive.ar; includeInIndex = 0; path = "libPods-LoveTracker.a"; sourceTree = BUILT_PRODUCTS_DIR; };
		761780EC2CA45674006654EE /* AppDelegate.swift */ = {isa = PBXFileReference; lastKnownFileType = sourcecode.swift; name = AppDelegate.swift; path = LoveTracker/AppDelegate.swift; sourceTree = "<group>"; };
		81AB9BB72411601600AC10FF /* LaunchScreen.storyboard */ = {isa = PBXFileReference; fileEncoding = 4; lastKnownFileType = file.storyboard; name = LaunchScreen.storyboard; path = LoveTracker/LaunchScreen.storyboard; sourceTree = "<group>"; };
		ED297162215061F000B7C4FE /* JavaScriptCore.framework */ = {isa = PBXFileReference; lastKnownFileType = wrapper.framework; name = JavaScriptCore.framework; path = System/Library/Frameworks/JavaScriptCore.framework; sourceTree = SDKROOT; };
		51A69FCCEA204246AAEE4223 /* InstrumentSans-Bold.ttf */ = {isa = PBXFileReference; name = "InstrumentSans-Bold.ttf"; path = "../assets/fonts/InstrumentSans-Bold.ttf"; sourceTree = "<group>"; fileEncoding = undefined; lastKnownFileType = unknown; explicitFileType = undefined; includeInIndex = 0; };
		65DD932885CB4D6788D2D3D8 /* InstrumentSans-BoldItalic.ttf */ = {isa = PBXFileReference; name = "InstrumentSans-BoldItalic.ttf"; path = "../assets/fonts/InstrumentSans-BoldItalic.ttf"; sourceTree = "<group>"; fileEncoding = undefined; lastKnownFileType = unknown; explicitFileType = undefined; includeInIndex = 0; };
		07BE6CBC32BF485B8E9DB3D3 /* InstrumentSans_Condensed-Bold.ttf */ = {isa = PBXFileReference; name = "InstrumentSans_Condensed-Bold.ttf"; path = "../assets/fonts/InstrumentSans_Condensed-Bold.ttf"; sourceTree = "<group>"; fileEncoding = undefined; lastKnownFileType = unknown; explicitFileType = undefined; includeInIndex = 0; };
		5DF7DC36C5A644E48CC89706 /* InstrumentSans_Condensed-BoldItalic.ttf */ = {isa = PBXFileReference; name = "InstrumentSans_Condensed-BoldItalic.ttf"; path = "../assets/fonts/InstrumentSans_Condensed-BoldItalic.ttf"; sourceTree = "<group>"; fileEncoding = undefined; lastKnownFileType = unknown; explicitFileType = undefined; includeInIndex = 0; };
		87CF4BCFAD8F4BADAF9389CC /* InstrumentSans_Condensed-Italic.ttf */ = {isa = PBXFileReference; name = "InstrumentSans_Condensed-Italic.ttf"; path = "../assets/fonts/InstrumentSans_Condensed-Italic.ttf"; sourceTree = "<group>"; fileEncoding = undefined; lastKnownFileType = unknown; explicitFileType = undefined; includeInIndex = 0; };
		295B112C61E049598B86E456 /* InstrumentSans_Condensed-Medium.ttf */ = {isa = PBXFileReference; name = "InstrumentSans_Condensed-Medium.ttf"; path = "../assets/fonts/InstrumentSans_Condensed-Medium.ttf"; sourceTree = "<group>"; fileEncoding = undefined; lastKnownFileType = unknown; explicitFileType = undefined; includeInIndex = 0; };
		BC9F1AA5B53B4EDEBBE86945 /* InstrumentSans_Condensed-MediumItalic.ttf */ = {isa = PBXFileReference; name = "InstrumentSans_Condensed-MediumItalic.ttf"; path = "../assets/fonts/InstrumentSans_Condensed-MediumItalic.ttf"; sourceTree = "<group>"; fileEncoding = undefined; lastKnownFileType = unknown; explicitFileType = undefined; includeInIndex = 0; };
		64B16F5B73434C9197C4A4CF /* InstrumentSans_Condensed-Regular.ttf */ = {isa = PBXFileReference; name = "InstrumentSans_Condensed-Regular.ttf"; path = "../assets/fonts/InstrumentSans_Condensed-Regular.ttf"; sourceTree = "<group>"; fileEncoding = undefined; lastKnownFileType = unknown; explicitFileType = undefined; includeInIndex = 0; };
		F774C1D69F914C39AC56F75C /* InstrumentSans_Condensed-SemiBold.ttf */ = {isa = PBXFileReference; name = "InstrumentSans_Condensed-SemiBold.ttf"; path = "../assets/fonts/InstrumentSans_Condensed-SemiBold.ttf"; sourceTree = "<group>"; fileEncoding = undefined; lastKnownFileType = unknown; explicitFileType = undefined; includeInIndex = 0; };
		4C98D8EDFCFC4C22B0B00EB2 /* InstrumentSans_Condensed-SemiBoldItalic.ttf */ = {isa = PBXFileReference; name = "InstrumentSans_Condensed-SemiBoldItalic.ttf"; path = "../assets/fonts/InstrumentSans_Condensed-SemiBoldItalic.ttf"; sourceTree = "<group>"; fileEncoding = undefined; lastKnownFileType = unknown; explicitFileType = undefined; includeInIndex = 0; };
		89A55F6EA04449959D54A23A /* InstrumentSans-Italic.ttf */ = {isa = PBXFileReference; name = "InstrumentSans-Italic.ttf"; path = "../assets/fonts/InstrumentSans-Italic.ttf"; sourceTree = "<group>"; fileEncoding = undefined; lastKnownFileType = unknown; explicitFileType = undefined; includeInIndex = 0; };
		5A44CC5DDD25479A9F29B3E6 /* InstrumentSans-Medium.ttf */ = {isa = PBXFileReference; name = "InstrumentSans-Medium.ttf"; path = "../assets/fonts/InstrumentSans-Medium.ttf"; sourceTree = "<group>"; fileEncoding = undefined; lastKnownFileType = unknown; explicitFileType = undefined; includeInIndex = 0; };
		9AB007C5FCB84BBBAE893BBA /* InstrumentSans-MediumItalic.ttf */ = {isa = PBXFileReference; name = "InstrumentSans-MediumItalic.ttf"; path = "../assets/fonts/InstrumentSans-MediumItalic.ttf"; sourceTree = "<group>"; fileEncoding = undefined; lastKnownFileType = unknown; explicitFileType = undefined; includeInIndex = 0; };
		F7E6BED8AF744B3EA46E8F18 /* InstrumentSans-Regular.ttf */ = {isa = PBXFileReference; name = "InstrumentSans-Regular.ttf"; path = "../assets/fonts/InstrumentSans-Regular.ttf"; sourceTree = "<group>"; fileEncoding = undefined; lastKnownFileType = unknown; explicitFileType = undefined; includeInIndex = 0; };
		7EA87283831746F9BA2909B6 /* InstrumentSans-SemiBold.ttf */ = {isa = PBXFileReference; name = "InstrumentSans-SemiBold.ttf"; path = "../assets/fonts/InstrumentSans-SemiBold.ttf"; sourceTree = "<group>"; fileEncoding = undefined; lastKnownFileType = unknown; explicitFileType = undefined; includeInIndex = 0; };
		A38B09396C6F4050BFB306C7 /* InstrumentSans-SemiBoldItalic.ttf */ = {isa = PBXFileReference; name = "InstrumentSans-SemiBoldItalic.ttf"; path = "../assets/fonts/InstrumentSans-SemiBoldItalic.ttf"; sourceTree = "<group>"; fileEncoding = undefined; lastKnownFileType = unknown; explicitFileType = undefined; includeInIndex = 0; };
		2403110B2A844C99BCE5D865 /* InstrumentSans_SemiCondensed-Bold.ttf */ = {isa = PBXFileReference; name = "InstrumentSans_SemiCondensed-Bold.ttf"; path = "../assets/fonts/InstrumentSans_SemiCondensed-Bold.ttf"; sourceTree = "<group>"; fileEncoding = undefined; lastKnownFileType = unknown; explicitFileType = undefined; includeInIndex = 0; };
		7B158E479A2B4667A24D533D /* InstrumentSans_SemiCondensed-BoldItalic.ttf */ = {isa = PBXFileReference; name = "InstrumentSans_SemiCondensed-BoldItalic.ttf"; path = "../assets/fonts/InstrumentSans_SemiCondensed-BoldItalic.ttf"; sourceTree = "<group>"; fileEncoding = undefined; lastKnownFileType = unknown; explicitFileType = undefined; includeInIndex = 0; };
		CD719B8F5C8A478B8C756E03 /* InstrumentSans_SemiCondensed-Italic.ttf */ = {isa = PBXFileReference; name = "InstrumentSans_SemiCondensed-Italic.ttf"; path = "../assets/fonts/InstrumentSans_SemiCondensed-Italic.ttf"; sourceTree = "<group>"; fileEncoding = undefined; lastKnownFileType = unknown; explicitFileType = undefined; includeInIndex = 0; };
		E47B9AA37D7E4BA9BA50E95E /* InstrumentSans_SemiCondensed-Medium.ttf */ = {isa = PBXFileReference; name = "InstrumentSans_SemiCondensed-Medium.ttf"; path = "../assets/fonts/InstrumentSans_SemiCondensed-Medium.ttf"; sourceTree = "<group>"; fileEncoding = undefined; lastKnownFileType = unknown; explicitFileType = undefined; includeInIndex = 0; };
		5F3EB246EB1346E68E6B4FED /* InstrumentSans_SemiCondensed-MediumItalic.ttf */ = {isa = PBXFileReference; name = "InstrumentSans_SemiCondensed-MediumItalic.ttf"; path = "../assets/fonts/InstrumentSans_SemiCondensed-MediumItalic.ttf"; sourceTree = "<group>"; fileEncoding = undefined; lastKnownFileType = unknown; explicitFileType = undefined; includeInIndex = 0; };
		D5CDFBE157DB40EAAAB2ECE3 /* InstrumentSans_SemiCondensed-Regular.ttf */ = {isa = PBXFileReference; name = "InstrumentSans_SemiCondensed-Regular.ttf"; path = "../assets/fonts/InstrumentSans_SemiCondensed-Regular.ttf"; sourceTree = "<group>"; fileEncoding = undefined; lastKnownFileType = unknown; explicitFileType = undefined; includeInIndex = 0; };
		590E0CD7F60646ECBC8C1686 /* InstrumentSans_SemiCondensed-SemiBold.ttf */ = {isa = PBXFileReference; name = "InstrumentSans_SemiCondensed-SemiBold.ttf"; path = "../assets/fonts/InstrumentSans_SemiCondensed-SemiBold.ttf"; sourceTree = "<group>"; fileEncoding = undefined; lastKnownFileType = unknown; explicitFileType = undefined; includeInIndex = 0; };
		8C6770F9F11D4BA79D9A8A56 /* InstrumentSans_SemiCondensed-SemiBoldItalic.ttf */ = {isa = PBXFileReference; name = "InstrumentSans_SemiCondensed-SemiBoldItalic.ttf"; path = "../assets/fonts/InstrumentSans_SemiCondensed-SemiBoldItalic.ttf"; sourceTree = "<group>"; fileEncoding = undefined; lastKnownFileType = unknown; explicitFileType = undefined; includeInIndex = 0; };
/* End PBXFileReference section */

/* Begin PBXFrameworksBuildPhase section */
		13B07F8C1A680F5B00A75B9A /* Frameworks */ = {
			isa = PBXFrameworksBuildPhase;
			buildActionMask = 2147483647;
			files = (
				0C80B921A6F3F58F76C31292 /* libPods-LoveTracker.a in Frameworks */,
			);
			runOnlyForDeploymentPostprocessing = 0;
		};
/* End PBXFrameworksBuildPhase section */

/* Begin PBXGroup section */
		13B07FAE1A68108700A75B9A /* LoveTracker */ = {
			isa = PBXGroup;
			children = (
				13B07FB51A68108700A75B9A /* Images.xcassets */,
				761780EC2CA45674006654EE /* AppDelegate.swift */,
				13B07FB61A68108700A75B9A /* Info.plist */,
				81AB9BB72411601600AC10FF /* LaunchScreen.storyboard */,
				13B07FB81A68108700A75B9A /* PrivacyInfo.xcprivacy */,
			);
			name = LoveTracker;
			sourceTree = "<group>";
		};
		2D16E6871FA4F8E400B85C8A /* Frameworks */ = {
			isa = PBXGroup;
			children = (
				ED297162215061F000B7C4FE /* JavaScriptCore.framework */,
				5DCACB8F33CDC322A6C60F78 /* libPods-LoveTracker.a */,
			);
			name = Frameworks;
			sourceTree = "<group>";
		};
		832341AE1AAA6A7D00B99B32 /* Libraries */ = {
			isa = PBXGroup;
			children = (
			);
			name = Libraries;
			sourceTree = "<group>";
		};
		83CBB9F61A601CBA00E9B192 = {
			isa = PBXGroup;
			children = (
				13B07FAE1A68108700A75B9A /* LoveTracker */,
				832341AE1AAA6A7D00B99B32 /* Libraries */,
				83CBBA001A601CBA00E9B192 /* Products */,
				2D16E6871FA4F8E400B85C8A /* Frameworks */,
				BBD78D7AC51CEA395F1C20DB /* Pods */,
				39D5E1285CFE40849450D8BE /* Resources */,
			);
			indentWidth = 2;
			sourceTree = "<group>";
			tabWidth = 2;
			usesTabs = 0;
		};
		83CBBA001A601CBA00E9B192 /* Products */ = {
			isa = PBXGroup;
			children = (
				13B07F961A680F5B00A75B9A /* LoveTracker.app */,
			);
			name = Products;
			sourceTree = "<group>";
		};
		BBD78D7AC51CEA395F1C20DB /* Pods */ = {
			isa = PBXGroup;
			children = (
				3B4392A12AC88292D35C810B /* Pods-LoveTracker.debug.xcconfig */,
				5709B34CF0A7D63546082F79 /* Pods-LoveTracker.release.xcconfig */,
			);
			path = Pods;
			sourceTree = "<group>";
		};
		39D5E1285CFE40849450D8BE /* Resources */ = {
			isa = "PBXGroup";
			children = (
				51A69FCCEA204246AAEE4223 /* InstrumentSans-Bold.ttf */,
				65DD932885CB4D6788D2D3D8 /* InstrumentSans-BoldItalic.ttf */,
				07BE6CBC32BF485B8E9DB3D3 /* InstrumentSans_Condensed-Bold.ttf */,
				5DF7DC36C5A644E48CC89706 /* InstrumentSans_Condensed-BoldItalic.ttf */,
				87CF4BCFAD8F4BADAF9389CC /* InstrumentSans_Condensed-Italic.ttf */,
				295B112C61E049598B86E456 /* InstrumentSans_Condensed-Medium.ttf */,
				BC9F1AA5B53B4EDEBBE86945 /* InstrumentSans_Condensed-MediumItalic.ttf */,
				64B16F5B73434C9197C4A4CF /* InstrumentSans_Condensed-Regular.ttf */,
				F774C1D69F914C39AC56F75C /* InstrumentSans_Condensed-SemiBold.ttf */,
				4C98D8EDFCFC4C22B0B00EB2 /* InstrumentSans_Condensed-SemiBoldItalic.ttf */,
				89A55F6EA04449959D54A23A /* InstrumentSans-Italic.ttf */,
				5A44CC5DDD25479A9F29B3E6 /* InstrumentSans-Medium.ttf */,
				9AB007C5FCB84BBBAE893BBA /* InstrumentSans-MediumItalic.ttf */,
				F7E6BED8AF744B3EA46E8F18 /* InstrumentSans-Regular.ttf */,
				7EA87283831746F9BA2909B6 /* InstrumentSans-SemiBold.ttf */,
				A38B09396C6F4050BFB306C7 /* InstrumentSans-SemiBoldItalic.ttf */,
				2403110B2A844C99BCE5D865 /* InstrumentSans_SemiCondensed-Bold.ttf */,
				7B158E479A2B4667A24D533D /* InstrumentSans_SemiCondensed-BoldItalic.ttf */,
				CD719B8F5C8A478B8C756E03 /* InstrumentSans_SemiCondensed-Italic.ttf */,
				E47B9AA37D7E4BA9BA50E95E /* InstrumentSans_SemiCondensed-Medium.ttf */,
				5F3EB246EB1346E68E6B4FED /* InstrumentSans_SemiCondensed-MediumItalic.ttf */,
				D5CDFBE157DB40EAAAB2ECE3 /* InstrumentSans_SemiCondensed-Regular.ttf */,
				590E0CD7F60646ECBC8C1686 /* InstrumentSans_SemiCondensed-SemiBold.ttf */,
				8C6770F9F11D4BA79D9A8A56 /* InstrumentSans_SemiCondensed-SemiBoldItalic.ttf */,
			);
			name = Resources;
			sourceTree = "<group>";
			path = "";
		};
/* End PBXGroup section */

/* Begin PBXNativeTarget section */
		13B07F861A680F5B00A75B9A /* LoveTracker */ = {
			isa = PBXNativeTarget;
			buildConfigurationList = 13B07F931A680F5B00A75B9A /* Build configuration list for PBXNativeTarget "LoveTracker" */;
			buildPhases = (
				C38B50BA6285516D6DCD4F65 /* [CP] Check Pods Manifest.lock */,
				13B07F871A680F5B00A75B9A /* Sources */,
				13B07F8C1A680F5B00A75B9A /* Frameworks */,
				13B07F8E1A680F5B00A75B9A /* Resources */,
				00DD1BFF1BD5951E006B06BC /* Bundle React Native code and images */,
				00EEFC60759A1932668264C0 /* [CP] Embed Pods Frameworks */,
				E235C05ADACE081382539298 /* [CP] Copy Pods Resources */,
			);
			buildRules = (
			);
			dependencies = (
			);
			name = LoveTracker;
			productName = LoveTracker;
			productReference = 13B07F961A680F5B00A75B9A /* LoveTracker.app */;
			productType = "com.apple.product-type.application";
		};
/* End PBXNativeTarget section */

/* Begin PBXProject section */
		83CBB9F71A601CBA00E9B192 /* Project object */ = {
			isa = PBXProject;
			attributes = {
				LastUpgradeCheck = 1210;
				TargetAttributes = {
					13B07F861A680F5B00A75B9A = {
						LastSwiftMigration = 1120;
					};
				};
			};
			buildConfigurationList = 83CBB9FA1A601CBA00E9B192 /* Build configuration list for PBXProject "LoveTracker" */;
			compatibilityVersion = "Xcode 12.0";
			developmentRegion = en;
			hasScannedForEncodings = 0;
			knownRegions = (
				en,
				Base,
			);
			mainGroup = 83CBB9F61A601CBA00E9B192;
			productRefGroup = 83CBBA001A601CBA00E9B192 /* Products */;
			projectDirPath = "";
			projectRoot = "";
			targets = (
				13B07F861A680F5B00A75B9A /* LoveTracker */,
			);
		};
/* End PBXProject section */

/* Begin PBXResourcesBuildPhase section */
		13B07F8E1A680F5B00A75B9A /* Resources */ = {
			isa = PBXResourcesBuildPhase;
			buildActionMask = 2147483647;
			files = (
				81AB9BB82411601600AC10FF /* LaunchScreen.storyboard in Resources */,
				13B07FBF1A68108700A75B9A /* Images.xcassets in Resources */,
				C62FF6369E2C453B9B2476EB /* InstrumentSans-Bold.ttf in Resources */,
				7E490DC7BC1142539DD76D00 /* InstrumentSans-BoldItalic.ttf in Resources */,
				74A3D32E12B84A87A70425C9 /* InstrumentSans_Condensed-Bold.ttf in Resources */,
				9E2CDADF13CC4DEC8ACFEC0A /* InstrumentSans_Condensed-BoldItalic.ttf in Resources */,
				275CE8B0C6654A479AA88BCB /* InstrumentSans_Condensed-Italic.ttf in Resources */,
				3C1C4FBC73114555B4C546B2 /* InstrumentSans_Condensed-Medium.ttf in Resources */,
				BB4826CE94CA4ECCBC5266D0 /* InstrumentSans_Condensed-MediumItalic.ttf in Resources */,
				1A72082CD55741DC98279528 /* InstrumentSans_Condensed-Regular.ttf in Resources */,
				5CDA27FB66E94F63A8B56707 /* InstrumentSans_Condensed-SemiBold.ttf in Resources */,
				3380965E3D914CA490B9750F /* InstrumentSans_Condensed-SemiBoldItalic.ttf in Resources */,
				1C7CB10BFC27474184FC2A64 /* InstrumentSans-Italic.ttf in Resources */,
				5BE94EB970BA46B6847E9834 /* InstrumentSans-Medium.ttf in Resources */,
				C06AB718D85A4B0E9451446F /* InstrumentSans-MediumItalic.ttf in Resources */,
				CEF3FAAA7F7D4FB7984E25FE /* InstrumentSans-Regular.ttf in Resources */,
				1C039023D8F749E49BA4DF8A /* InstrumentSans-SemiBold.ttf in Resources */,
				B3FBD9EEDF274036BC38017C /* InstrumentSans-SemiBoldItalic.ttf in Resources */,
				51EEBD0AE8E04BE183BC9B70 /* InstrumentSans_SemiCondensed-Bold.ttf in Resources */,
				0CF7B31A3707401EB4348934 /* InstrumentSans_SemiCondensed-BoldItalic.ttf in Resources */,
				F3FD59C7E6014C0F885F8C92 /* InstrumentSans_SemiCondensed-Italic.ttf in Resources */,
				E28CC72B53FE48D590B4EAF1 /* InstrumentSans_SemiCondensed-Medium.ttf in Resources */,
				9E6363F36E2D42F2A5C076F6 /* InstrumentSans_SemiCondensed-MediumItalic.ttf in Resources */,
				4BC7D47187474E16A00755C1 /* InstrumentSans_SemiCondensed-Regular.ttf in Resources */,
				484A1110E6C84DE88644549A /* InstrumentSans_SemiCondensed-SemiBold.ttf in Resources */,
				B1634913DE3E4FAA8282C8B2 /* InstrumentSans_SemiCondensed-SemiBoldItalic.ttf in Resources */,
			);
			runOnlyForDeploymentPostprocessing = 0;
		};
/* End PBXResourcesBuildPhase section */

/* Begin PBXShellScriptBuildPhase section */
		00DD1BFF1BD5951E006B06BC /* Bundle React Native code and images */ = {
			isa = PBXShellScriptBuildPhase;
			buildActionMask = 2147483647;
			files = (
			);
			inputPaths = (
				"$(SRCROOT)/.xcode.env.local",
				"$(SRCROOT)/.xcode.env",
			);
			name = "Bundle React Native code and images";
			outputPaths = (
			);
			runOnlyForDeploymentPostprocessing = 0;
			shellPath = /bin/sh;
			shellScript = "set -e\n\nWITH_ENVIRONMENT=\"$REACT_NATIVE_PATH/scripts/xcode/with-environment.sh\"\nREACT_NATIVE_XCODE=\"$REACT_NATIVE_PATH/scripts/react-native-xcode.sh\"\n\n/bin/sh -c \"\\\"$WITH_ENVIRONMENT\\\" \\\"$REACT_NATIVE_XCODE\\\"\"\n";
		};
		00EEFC60759A1932668264C0 /* [CP] Embed Pods Frameworks */ = {
			isa = PBXShellScriptBuildPhase;
			buildActionMask = 2147483647;
			files = (
			);
			inputFileListPaths = (
				"${PODS_ROOT}/Target Support Files/Pods-LoveTracker/Pods-LoveTracker-frameworks-${CONFIGURATION}-input-files.xcfilelist",
			);
			name = "[CP] Embed Pods Frameworks";
			outputFileListPaths = (
				"${PODS_ROOT}/Target Support Files/Pods-LoveTracker/Pods-LoveTracker-frameworks-${CONFIGURATION}-output-files.xcfilelist",
			);
			runOnlyForDeploymentPostprocessing = 0;
			shellPath = /bin/sh;
			shellScript = "\"${PODS_ROOT}/Target Support Files/Pods-LoveTracker/Pods-LoveTracker-frameworks.sh\"\n";
			showEnvVarsInLog = 0;
		};
		C38B50BA6285516D6DCD4F65 /* [CP] Check Pods Manifest.lock */ = {
			isa = PBXShellScriptBuildPhase;
			buildActionMask = 2147483647;
			files = (
			);
			inputFileListPaths = (
			);
			inputPaths = (
				"${PODS_PODFILE_DIR_PATH}/Podfile.lock",
				"${PODS_ROOT}/Manifest.lock",
			);
			name = "[CP] Check Pods Manifest.lock";
			outputFileListPaths = (
			);
			outputPaths = (
				"$(DERIVED_FILE_DIR)/Pods-LoveTracker-checkManifestLockResult.txt",
			);
			runOnlyForDeploymentPostprocessing = 0;
			shellPath = /bin/sh;
			shellScript = "diff \"${PODS_PODFILE_DIR_PATH}/Podfile.lock\" \"${PODS_ROOT}/Manifest.lock\" > /dev/null\nif [ $? != 0 ] ; then\n    # print error to STDERR\n    echo \"error: The sandbox is not in sync with the Podfile.lock. Run 'pod install' or update your CocoaPods installation.\" >&2\n    exit 1\nfi\n# This output is used by Xcode 'outputs' to avoid re-running this script phase.\necho \"SUCCESS\" > \"${SCRIPT_OUTPUT_FILE_0}\"\n";
			showEnvVarsInLog = 0;
		};
		E235C05ADACE081382539298 /* [CP] Copy Pods Resources */ = {
			isa = PBXShellScriptBuildPhase;
			buildActionMask = 2147483647;
			files = (
			);
			inputFileListPaths = (
				"${PODS_ROOT}/Target Support Files/Pods-LoveTracker/Pods-LoveTracker-resources-${CONFIGURATION}-input-files.xcfilelist",
			);
			name = "[CP] Copy Pods Resources";
			outputFileListPaths = (
				"${PODS_ROOT}/Target Support Files/Pods-LoveTracker/Pods-LoveTracker-resources-${CONFIGURATION}-output-files.xcfilelist",
			);
			runOnlyForDeploymentPostprocessing = 0;
			shellPath = /bin/sh;
			shellScript = "\"${PODS_ROOT}/Target Support Files/Pods-LoveTracker/Pods-LoveTracker-resources.sh\"\n";
			showEnvVarsInLog = 0;
		};
/* End PBXShellScriptBuildPhase section */

/* Begin PBXSourcesBuildPhase section */
		13B07F871A680F5B00A75B9A /* Sources */ = {
			isa = PBXSourcesBuildPhase;
			buildActionMask = 2147483647;
			files = (
				761780ED2CA45674006654EE /* AppDelegate.swift in Sources */,
			);
			runOnlyForDeploymentPostprocessing = 0;
		};
/* End PBXSourcesBuildPhase section */

/* Begin XCBuildConfiguration section */
		13B07F941A680F5B00A75B9A /* Debug */ = {
			isa = XCBuildConfiguration;
			baseConfigurationReference = 3B4392A12AC88292D35C810B /* Pods-LoveTracker.debug.xcconfig */;
			buildSettings = {
				ASSETCATALOG_COMPILER_APPICON_NAME = AppIcon;
				CLANG_ENABLE_MODULES = YES;
				CURRENT_PROJECT_VERSION = 1;
				ENABLE_BITCODE = NO;
				INFOPLIST_FILE = LoveTracker/Info.plist;
				IPHONEOS_DEPLOYMENT_TARGET = 15.1;
				LD_RUNPATH_SEARCH_PATHS = (
					"$(inherited)",
					"@executable_path/Frameworks",
				);
				MARKETING_VERSION = 1.0;
				OTHER_LDFLAGS = (
					"$(inherited)",
					"-ObjC",
					"-lc++",
				);
				PRODUCT_BUNDLE_IDENTIFIER = "org.reactjs.native.example.$(PRODUCT_NAME:rfc1034identifier)";
				PRODUCT_NAME = LoveTracker;
				SWIFT_OPTIMIZATION_LEVEL = "-Onone";
				SWIFT_VERSION = 5.0;
				VERSIONING_SYSTEM = "apple-generic";
			};
			name = Debug;
		};
		13B07F951A680F5B00A75B9A /* Release */ = {
			isa = XCBuildConfiguration;
			baseConfigurationReference = 5709B34CF0A7D63546082F79 /* Pods-LoveTracker.release.xcconfig */;
			buildSettings = {
				ASSETCATALOG_COMPILER_APPICON_NAME = AppIcon;
				CLANG_ENABLE_MODULES = YES;
				CURRENT_PROJECT_VERSION = 1;
				INFOPLIST_FILE = LoveTracker/Info.plist;
				IPHONEOS_DEPLOYMENT_TARGET = 15.1;
				LD_RUNPATH_SEARCH_PATHS = (
					"$(inherited)",
					"@executable_path/Frameworks",
				);
				MARKETING_VERSION = 1.0;
				OTHER_LDFLAGS = (
					"$(inherited)",
					"-ObjC",
					"-lc++",
				);
				PRODUCT_BUNDLE_IDENTIFIER = "org.reactjs.native.example.$(PRODUCT_NAME:rfc1034identifier)";
				PRODUCT_NAME = LoveTracker;
				SWIFT_VERSION = 5.0;
				VERSIONING_SYSTEM = "apple-generic";
			};
			name = Release;
		};
		83CBBA201A601CBA00E9B192 /* Debug */ = {
			isa = XCBuildConfiguration;
			buildSettings = {
				ALWAYS_SEARCH_USER_PATHS = NO;
				CLANG_ANALYZER_LOCALIZABILITY_NONLOCALIZED = YES;
				CLANG_CXX_LANGUAGE_STANDARD = "c++20";
				CLANG_CXX_LIBRARY = "libc++";
				CLANG_ENABLE_MODULES = YES;
				CLANG_ENABLE_OBJC_ARC = YES;
				CLANG_WARN_BLOCK_CAPTURE_AUTORELEASING = YES;
				CLANG_WARN_BOOL_CONVERSION = YES;
				CLANG_WARN_COMMA = YES;
				CLANG_WARN_CONSTANT_CONVERSION = YES;
				CLANG_WARN_DEPRECATED_OBJC_IMPLEMENTATIONS = YES;
				CLANG_WARN_DIRECT_OBJC_ISA_USAGE = YES_ERROR;
				CLANG_WARN_EMPTY_BODY = YES;
				CLANG_WARN_ENUM_CONVERSION = YES;
				CLANG_WARN_INFINITE_RECURSION = YES;
				CLANG_WARN_INT_CONVERSION = YES;
				CLANG_WARN_NON_LITERAL_NULL_CONVERSION = YES;
				CLANG_WARN_OBJC_IMPLICIT_RETAIN_SELF = YES;
				CLANG_WARN_OBJC_LITERAL_CONVERSION = YES;
				CLANG_WARN_OBJC_ROOT_CLASS = YES_ERROR;
				CLANG_WARN_QUOTED_INCLUDE_IN_FRAMEWORK_HEADER = YES;
				CLANG_WARN_RANGE_LOOP_ANALYSIS = YES;
				CLANG_WARN_STRICT_PROTOTYPES = YES;
				CLANG_WARN_SUSPICIOUS_MOVE = YES;
				CLANG_WARN_UNREACHABLE_CODE = YES;
				CLANG_WARN__DUPLICATE_METHOD_MATCH = YES;
				"CODE_SIGN_IDENTITY[sdk=iphoneos*]" = "iPhone Developer";
				COPY_PHASE_STRIP = NO;
				ENABLE_STRICT_OBJC_MSGSEND = YES;
				ENABLE_TESTABILITY = YES;
				"EXCLUDED_ARCHS[sdk=iphonesimulator*]" = "";
				GCC_C_LANGUAGE_STANDARD = gnu99;
				GCC_DYNAMIC_NO_PIC = NO;
				GCC_NO_COMMON_BLOCKS = YES;
				GCC_OPTIMIZATION_LEVEL = 0;
				GCC_PREPROCESSOR_DEFINITIONS = (
					"DEBUG=1",
					"$(inherited)",
				);
				GCC_SYMBOLS_PRIVATE_EXTERN = NO;
				GCC_WARN_64_TO_32_BIT_CONVERSION = YES;
				GCC_WARN_ABOUT_RETURN_TYPE = YES_ERROR;
				GCC_WARN_UNDECLARED_SELECTOR = YES;
				GCC_WARN_UNINITIALIZED_AUTOS = YES_AGGRESSIVE;
				GCC_WARN_UNUSED_FUNCTION = YES;
				GCC_WARN_UNUSED_VARIABLE = YES;
				IPHONEOS_DEPLOYMENT_TARGET = 15.1;
				LD_RUNPATH_SEARCH_PATHS = (
					/usr/lib/swift,
					"$(inherited)",
				);
				LIBRARY_SEARCH_PATHS = (
					"\"$(SDKROOT)/usr/lib/swift\"",
					"\"$(TOOLCHAIN_DIR)/usr/lib/swift/$(PLATFORM_NAME)\"",
					"\"$(inherited)\"",
				);
				MTL_ENABLE_DEBUG_INFO = YES;
				ONLY_ACTIVE_ARCH = YES;
				OTHER_CPLUSPLUSFLAGS = (
					"$(OTHER_CFLAGS)",
					"-DFOLLY_NO_CONFIG",
					"-DFOLLY_MOBILE=1",
					"-DFOLLY_USE_LIBCPP=1",
					"-DFOLLY_CFG_NO_COROUTINES=1",
					"-DFOLLY_HAVE_CLOCK_GETTIME=1",
				);
				SDKROOT = iphoneos;
			};
			name = Debug;
		};
		83CBBA211A601CBA00E9B192 /* Release */ = {
			isa = XCBuildConfiguration;
			buildSettings = {
				ALWAYS_SEARCH_USER_PATHS = NO;
				CLANG_ANALYZER_LOCALIZABILITY_NONLOCALIZED = YES;
				CLANG_CXX_LANGUAGE_STANDARD = "c++20";
				CLANG_CXX_LIBRARY = "libc++";
				CLANG_ENABLE_MODULES = YES;
				CLANG_ENABLE_OBJC_ARC = YES;
				CLANG_WARN_BLOCK_CAPTURE_AUTORELEASING = YES;
				CLANG_WARN_BOOL_CONVERSION = YES;
				CLANG_WARN_COMMA = YES;
				CLANG_WARN_CONSTANT_CONVERSION = YES;
				CLANG_WARN_DEPRECATED_OBJC_IMPLEMENTATIONS = YES;
				CLANG_WARN_DIRECT_OBJC_ISA_USAGE = YES_ERROR;
				CLANG_WARN_EMPTY_BODY = YES;
				CLANG_WARN_ENUM_CONVERSION = YES;
				CLANG_WARN_INFINITE_RECURSION = YES;
				CLANG_WARN_INT_CONVERSION = YES;
				CLANG_WARN_NON_LITERAL_NULL_CONVERSION = YES;
				CLANG_WARN_OBJC_IMPLICIT_RETAIN_SELF = YES;
				CLANG_WARN_OBJC_LITERAL_CONVERSION = YES;
				CLANG_WARN_OBJC_ROOT_CLASS = YES_ERROR;
				CLANG_WARN_QUOTED_INCLUDE_IN_FRAMEWORK_HEADER = YES;
				CLANG_WARN_RANGE_LOOP_ANALYSIS = YES;
				CLANG_WARN_STRICT_PROTOTYPES = YES;
				CLANG_WARN_SUSPICIOUS_MOVE = YES;
				CLANG_WARN_UNREACHABLE_CODE = YES;
				CLANG_WARN__DUPLICATE_METHOD_MATCH = YES;
				"CODE_SIGN_IDENTITY[sdk=iphoneos*]" = "iPhone Developer";
				COPY_PHASE_STRIP = YES;
				ENABLE_NS_ASSERTIONS = NO;
				ENABLE_STRICT_OBJC_MSGSEND = YES;
				"EXCLUDED_ARCHS[sdk=iphonesimulator*]" = "";
				GCC_C_LANGUAGE_STANDARD = gnu99;
				GCC_NO_COMMON_BLOCKS = YES;
				GCC_WARN_64_TO_32_BIT_CONVERSION = YES;
				GCC_WARN_ABOUT_RETURN_TYPE = YES_ERROR;
				GCC_WARN_UNDECLARED_SELECTOR = YES;
				GCC_WARN_UNINITIALIZED_AUTOS = YES_AGGRESSIVE;
				GCC_WARN_UNUSED_FUNCTION = YES;
				GCC_WARN_UNUSED_VARIABLE = YES;
				IPHONEOS_DEPLOYMENT_TARGET = 15.1;
				LD_RUNPATH_SEARCH_PATHS = (
					/usr/lib/swift,
					"$(inherited)",
				);
				LIBRARY_SEARCH_PATHS = (
					"\"$(SDKROOT)/usr/lib/swift\"",
					"\"$(TOOLCHAIN_DIR)/usr/lib/swift/$(PLATFORM_NAME)\"",
					"\"$(inherited)\"",
				);
				MTL_ENABLE_DEBUG_INFO = NO;
				OTHER_CPLUSPLUSFLAGS = (
					"$(OTHER_CFLAGS)",
					"-DFOLLY_NO_CONFIG",
					"-DFOLLY_MOBILE=1",
					"-DFOLLY_USE_LIBCPP=1",
					"-DFOLLY_CFG_NO_COROUTINES=1",
					"-DFOLLY_HAVE_CLOCK_GETTIME=1",
				);
				SDKROOT = iphoneos;
				VALIDATE_PRODUCT = YES;
			};
			name = Release;
		};
/* End XCBuildConfiguration section */

/* Begin XCConfigurationList section */
		13B07F931A680F5B00A75B9A /* Build configuration list for PBXNativeTarget "LoveTracker" */ = {
			isa = XCConfigurationList;
			buildConfigurations = (
				13B07F941A680F5B00A75B9A /* Debug */,
				13B07F951A680F5B00A75B9A /* Release */,
			);
			defaultConfigurationIsVisible = 0;
			defaultConfigurationName = Release;
		};
		83CBB9FA1A601CBA00E9B192 /* Build configuration list for PBXProject "LoveTracker" */ = {
			isa = XCConfigurationList;
			buildConfigurations = (
				83CBBA201A601CBA00E9B192 /* Debug */,
				83CBBA211A601CBA00E9B192 /* Release */,
			);
			defaultConfigurationIsVisible = 0;
			defaultConfigurationName = Release;
		};
/* End XCConfigurationList section */
	};
	rootObject = 83CBB9F71A601CBA00E9B192 /* Project object */;
}
